PODS:
  - Flutter (1.0.0)
  - hellos (0.0.1):
    - Flutter

DEPENDENCIES:
  - Flutter (from `Flutter`)
  - hellos (from `.symlinks/plugins/hellos/ios`)

EXTERNAL SOURCES:
  Flutter:
    :path: Flutter
  hellos:
    :path: ".symlinks/plugins/hellos/ios"

SPEC CHECKSUMS:
  Flutter: 0e3d915762c693b495b44d77113d4970485de6ec
  hellos: df5113517a1c0fc74eab428aa36630c5c9790275

PODFILE CHECKSUM: 8e679eca47255a8ca8067c4c67aab20e64cb974d

COCOAPODS: 1.9.3
